// !$*UTF8*$!
{
	archiveVersion = 1;
	classes = {
	};
	objectVersion = 55;
	objects = {

/* Begin PBXBuildFile section */
		962382812991324B006B66A2 /* AppDelegate.swift in Sources */ = {isa = PBXBuildFile; fileRef = 962382802991324B006B66A2 /* AppDelegate.swift */; };
		962382832991324B006B66A2 /* SceneDelegate.swift in Sources */ = {isa = PBXBuildFile; fileRef = 962382822991324B006B66A2 /* SceneDelegate.swift */; };
		962382852991324B006B66A2 /* SearchImageViewController.swift in Sources */ = {isa = PBXBuildFile; fileRef = 962382842991324B006B66A2 /* SearchImageViewController.swift */; };
		962382882991324B006B66A2 /* Main.storyboard in Resources */ = {isa = PBXBuildFile; fileRef = 962382862991324B006B66A2 /* Main.storyboard */; };
		9623828A29913252006B66A2 /* Assets.xcassets in Resources */ = {isa = PBXBuildFile; fileRef = 9623828929913252006B66A2 /* Assets.xcassets */; };
		9623828D29913252006B66A2 /* LaunchScreen.storyboard in Resources */ = {isa = PBXBuildFile; fileRef = 9623828B29913252006B66A2 /* LaunchScreen.storyboard */; };
		962382AA299134A6006B66A2 /* ImageResult.swift in Sources */ = {isa = PBXBuildFile; fileRef = 962382A9299134A6006B66A2 /* ImageResult.swift */; };
		962382AE2991526F006B66A2 /* NetworkEnum .swift in Sources */ = {isa = PBXBuildFile; fileRef = 962382AD2991526F006B66A2 /* NetworkEnum .swift */; };
		962382B12991529E006B66A2 /* NetworkProtocol .swift in Sources */ = {isa = PBXBuildFile; fileRef = 962382B02991529E006B66A2 /* NetworkProtocol .swift */; };
		962382B42991543A006B66A2 /* GoogleImageAPI.swift in Sources */ = {isa = PBXBuildFile; fileRef = 962382B32991543A006B66A2 /* GoogleImageAPI.swift */; };
		962382B72991593B006B66A2 /* NetworkManager .swift in Sources */ = {isa = PBXBuildFile; fileRef = 962382B62991593B006B66A2 /* NetworkManager .swift */; };
		962382B92991A893006B66A2 /* ImageCollectionViewCell .swift in Sources */ = {isa = PBXBuildFile; fileRef = 962382B82991A893006B66A2 /* ImageCollectionViewCell .swift */; };
		9685E0082992B45800CCA1FF /* ImageDetailViewController .swift in Sources */ = {isa = PBXBuildFile; fileRef = 9685E0072992B45800CCA1FF /* ImageDetailViewController .swift */; };
		9685E00B299503C100CCA1FF /* ImageDetailCell .swift in Sources */ = {isa = PBXBuildFile; fileRef = 9685E00A299503C100CCA1FF /* ImageDetailCell .swift */; };
		9685E011299532BD00CCA1FF /* SourceImageViewController .swift in Sources */ = {isa = PBXBuildFile; fileRef = 9685E010299532BD00CCA1FF /* SourceImageViewController .swift */; };
		9685E01329955CD100CCA1FF /* SearchImageViewModel .swift in Sources */ = {isa = PBXBuildFile; fileRef = 9685E01229955CD100CCA1FF /* SearchImageViewModel .swift */; };
		9685E0162995636400CCA1FF /* SDWebImage in Frameworks */ = {isa = PBXBuildFile; productRef = 9685E0152995636400CCA1FF /* SDWebImage */; };
		9685E0182995656100CCA1FF /* ImageDetailCellViewModel .swift in Sources */ = {isa = PBXBuildFile; fileRef = 9685E0172995656100CCA1FF /* ImageDetailCellViewModel .swift */; };
		9685E01A299565A500CCA1FF /* ImageViewModel .swift in Sources */ = {isa = PBXBuildFile; fileRef = 9685E019299565A500CCA1FF /* ImageViewModel .swift */; };
		9685E01C29956AE700CCA1FF /* ImageDetailViewModel .swift in Sources */ = {isa = PBXBuildFile; fileRef = 9685E01B29956AE700CCA1FF /* ImageDetailViewModel .swift */; };
		9685E01E2995941700CCA1FF /* SourceImageViewModel .swift in Sources */ = {isa = PBXBuildFile; fileRef = 9685E01D2995941700CCA1FF /* SourceImageViewModel .swift */; };
		9685E0212996C9C200CCA1FF /* Storyboarded .swift in Sources */ = {isa = PBXBuildFile; fileRef = 9685E0202996C9C200CCA1FF /* Storyboarded .swift */; };
		9685E0252996CB1000CCA1FF /* Coordinator .swift in Sources */ = {isa = PBXBuildFile; fileRef = 9685E0242996CB1000CCA1FF /* Coordinator .swift */; };
		9685E0272996CC1C00CCA1FF /* AppCoordinator .swift in Sources */ = {isa = PBXBuildFile; fileRef = 9685E0262996CC1C00CCA1FF /* AppCoordinator .swift */; };
		9685E02A2996D4F900CCA1FF /* SearchImageCoordinator .swift in Sources */ = {isa = PBXBuildFile; fileRef = 9685E0292996D4F900CCA1FF /* SearchImageCoordinator .swift */; };
		9685E02D2996D73500CCA1FF /* ServiceLocator .swift in Sources */ = {isa = PBXBuildFile; fileRef = 9685E02C2996D73500CCA1FF /* ServiceLocator .swift */; };
		9685E0302996D76A00CCA1FF /* SearchImageConfigurator .swift in Sources */ = {isa = PBXBuildFile; fileRef = 9685E02F2996D76A00CCA1FF /* SearchImageConfigurator .swift */; };
		9685E0352996DB4C00CCA1FF /* ImageDetailCoordinator .swift in Sources */ = {isa = PBXBuildFile; fileRef = 9685E0342996DB4C00CCA1FF /* ImageDetailCoordinator .swift */; };
		9685E0382996DCE500CCA1FF /* ImageDetailConfigurator .swift in Sources */ = {isa = PBXBuildFile; fileRef = 9685E0372996DCE500CCA1FF /* ImageDetailConfigurator .swift */; };
		9685E03F2996E10900CCA1FF /* SourceImageConfigurator .swift in Sources */ = {isa = PBXBuildFile; fileRef = 9685E03E2996E10900CCA1FF /* SourceImageConfigurator .swift */; };
		9685E0412996E11800CCA1FF /* SourceImageCoordinator.swift in Sources */ = {isa = PBXBuildFile; fileRef = 9685E0402996E11800CCA1FF /* SourceImageCoordinator.swift */; };
/* End PBXBuildFile section */

/* Begin PBXFileReference section */
		9623827D2991324B006B66A2 /* ImageSearchApp.app */ = {isa = PBXFileReference; explicitFileType = wrapper.application; includeInIndex = 0; path = ImageSearchApp.app; sourceTree = BUILT_PRODUCTS_DIR; };
		962382802991324B006B66A2 /* AppDelegate.swift */ = {isa = PBXFileReference; lastKnownFileType = sourcecode.swift; path = AppDelegate.swift; sourceTree = "<group>"; };
		962382822991324B006B66A2 /* SceneDelegate.swift */ = {isa = PBXFileReference; lastKnownFileType = sourcecode.swift; path = SceneDelegate.swift; sourceTree = "<group>"; };
		962382842991324B006B66A2 /* SearchImageViewController.swift */ = {isa = PBXFileReference; lastKnownFileType = sourcecode.swift; path = SearchImageViewController.swift; sourceTree = "<group>"; };
		962382872991324B006B66A2 /* Base */ = {isa = PBXFileReference; lastKnownFileType = file.storyboard; name = Base; path = Base.lproj/Main.storyboard; sourceTree = "<group>"; };
		9623828929913252006B66A2 /* Assets.xcassets */ = {isa = PBXFileReference; lastKnownFileType = folder.assetcatalog; path = Assets.xcassets; sourceTree = "<group>"; };
		9623828C29913252006B66A2 /* Base */ = {isa = PBXFileReference; lastKnownFileType = file.storyboard; name = Base; path = Base.lproj/LaunchScreen.storyboard; sourceTree = "<group>"; };
		9623828E29913252006B66A2 /* Info.plist */ = {isa = PBXFileReference; lastKnownFileType = text.plist.xml; path = Info.plist; sourceTree = "<group>"; };
		962382A9299134A6006B66A2 /* ImageResult.swift */ = {isa = PBXFileReference; lastKnownFileType = sourcecode.swift; path = ImageResult.swift; sourceTree = "<group>"; };
		962382AD2991526F006B66A2 /* NetworkEnum .swift */ = {isa = PBXFileReference; fileEncoding = 4; lastKnownFileType = sourcecode.swift; path = "NetworkEnum .swift"; sourceTree = "<group>"; };
		962382B02991529E006B66A2 /* NetworkProtocol .swift */ = {isa = PBXFileReference; lastKnownFileType = sourcecode.swift; path = "NetworkProtocol .swift"; sourceTree = "<group>"; };
		962382B32991543A006B66A2 /* GoogleImageAPI.swift */ = {isa = PBXFileReference; lastKnownFileType = sourcecode.swift; path = GoogleImageAPI.swift; sourceTree = "<group>"; };
		962382B62991593B006B66A2 /* NetworkManager .swift */ = {isa = PBXFileReference; lastKnownFileType = sourcecode.swift; path = "NetworkManager .swift"; sourceTree = "<group>"; };
		962382B82991A893006B66A2 /* ImageCollectionViewCell .swift */ = {isa = PBXFileReference; lastKnownFileType = sourcecode.swift; path = "ImageCollectionViewCell .swift"; sourceTree = "<group>"; };
		9685E0072992B45800CCA1FF /* ImageDetailViewController .swift */ = {isa = PBXFileReference; lastKnownFileType = sourcecode.swift; path = "ImageDetailViewController .swift"; sourceTree = "<group>"; };
		9685E00A299503C100CCA1FF /* ImageDetailCell .swift */ = {isa = PBXFileReference; lastKnownFileType = sourcecode.swift; path = "ImageDetailCell .swift"; sourceTree = "<group>"; };
		9685E010299532BD00CCA1FF /* SourceImageViewController .swift */ = {isa = PBXFileReference; lastKnownFileType = sourcecode.swift; path = "SourceImageViewController .swift"; sourceTree = "<group>"; };
		9685E01229955CD100CCA1FF /* SearchImageViewModel .swift */ = {isa = PBXFileReference; lastKnownFileType = sourcecode.swift; path = "SearchImageViewModel .swift"; sourceTree = "<group>"; };
		9685E0172995656100CCA1FF /* ImageDetailCellViewModel .swift */ = {isa = PBXFileReference; lastKnownFileType = sourcecode.swift; path = "ImageDetailCellViewModel .swift"; sourceTree = "<group>"; };
		9685E019299565A500CCA1FF /* ImageViewModel .swift */ = {isa = PBXFileReference; lastKnownFileType = sourcecode.swift; path = "ImageViewModel .swift"; sourceTree = "<group>"; };
		9685E01B29956AE700CCA1FF /* ImageDetailViewModel .swift */ = {isa = PBXFileReference; lastKnownFileType = sourcecode.swift; path = "ImageDetailViewModel .swift"; sourceTree = "<group>"; };
		9685E01D2995941700CCA1FF /* SourceImageViewModel .swift */ = {isa = PBXFileReference; lastKnownFileType = sourcecode.swift; path = "SourceImageViewModel .swift"; sourceTree = "<group>"; };
		9685E0202996C9C200CCA1FF /* Storyboarded .swift */ = {isa = PBXFileReference; lastKnownFileType = sourcecode.swift; path = "Storyboarded .swift"; sourceTree = "<group>"; };
		9685E0242996CB1000CCA1FF /* Coordinator .swift */ = {isa = PBXFileReference; lastKnownFileType = sourcecode.swift; path = "Coordinator .swift"; sourceTree = "<group>"; };
		9685E0262996CC1C00CCA1FF /* AppCoordinator .swift */ = {isa = PBXFileReference; lastKnownFileType = sourcecode.swift; path = "AppCoordinator .swift"; sourceTree = "<group>"; };
		9685E0292996D4F900CCA1FF /* SearchImageCoordinator .swift */ = {isa = PBXFileReference; lastKnownFileType = sourcecode.swift; path = "SearchImageCoordinator .swift"; sourceTree = "<group>"; };
		9685E02C2996D73500CCA1FF /* ServiceLocator .swift */ = {isa = PBXFileReference; fileEncoding = 4; lastKnownFileType = sourcecode.swift; path = "ServiceLocator .swift"; sourceTree = "<group>"; };
		9685E02F2996D76A00CCA1FF /* SearchImageConfigurator .swift */ = {isa = PBXFileReference; lastKnownFileType = sourcecode.swift; path = "SearchImageConfigurator .swift"; sourceTree = "<group>"; };
		9685E0342996DB4C00CCA1FF /* ImageDetailCoordinator .swift */ = {isa = PBXFileReference; lastKnownFileType = sourcecode.swift; path = "ImageDetailCoordinator .swift"; sourceTree = "<group>"; };
		9685E0372996DCE500CCA1FF /* ImageDetailConfigurator .swift */ = {isa = PBXFileReference; lastKnownFileType = sourcecode.swift; path = "ImageDetailConfigurator .swift"; sourceTree = "<group>"; };
		9685E03E2996E10900CCA1FF /* SourceImageConfigurator .swift */ = {isa = PBXFileReference; lastKnownFileType = sourcecode.swift; path = "SourceImageConfigurator .swift"; sourceTree = "<group>"; };
		9685E0402996E11800CCA1FF /* SourceImageCoordinator.swift */ = {isa = PBXFileReference; lastKnownFileType = sourcecode.swift; path = SourceImageCoordinator.swift; sourceTree = "<group>"; };
/* End PBXFileReference section */

/* Begin PBXFrameworksBuildPhase section */
		9623827A2991324B006B66A2 /* Frameworks */ = {
			isa = PBXFrameworksBuildPhase;
			buildActionMask = 2147483647;
			files = (
				9685E0162995636400CCA1FF /* SDWebImage in Frameworks */,
			);
			runOnlyForDeploymentPostprocessing = 0;
		};
/* End PBXFrameworksBuildPhase section */

/* Begin PBXGroup section */
		962382742991324B006B66A2 = {
			isa = PBXGroup;
			children = (
				9623827F2991324B006B66A2 /* ImageSearchApp */,
				9623827E2991324B006B66A2 /* Products */,
			);
			sourceTree = "<group>";
		};
		9623827E2991324B006B66A2 /* Products */ = {
			isa = PBXGroup;
			children = (
				9623827D2991324B006B66A2 /* ImageSearchApp.app */,
			);
			name = Products;
			sourceTree = "<group>";
		};
		9623827F2991324B006B66A2 /* ImageSearchApp */ = {
			isa = PBXGroup;
			children = (
				96238296299132F8006B66A2 /* EntryPoint */,
				96238294299132D8006B66A2 /* SearchImage */,
				9685E0062992B42000CCA1FF /* ImageDetail */,
				9685E00F2995329A00CCA1FF /* SourceImage  */,
				962382A829913490006B66A2 /* Model  */,
				9623829729913317006B66A2 /* Service */,
				9685E01F2996C99700CCA1FF /* Exetension  */,
				962382862991324B006B66A2 /* Main.storyboard */,
				9623828929913252006B66A2 /* Assets.xcassets */,
				9623828B29913252006B66A2 /* LaunchScreen.storyboard */,
				9623828E29913252006B66A2 /* Info.plist */,
			);
			path = ImageSearchApp;
			sourceTree = "<group>";
		};
		96238294299132D8006B66A2 /* SearchImage */ = {
			isa = PBXGroup;
			children = (
				9685E0312996DA7C00CCA1FF /* View */,
				9685E0322996DA9400CCA1FF /* ViewModel  */,
				9685E02E2996D75700CCA1FF /* Configurator  */,
				9685E0282996D4E500CCA1FF /* Coordinator  */,
			);
			path = SearchImage;
			sourceTree = "<group>";
		};
		96238296299132F8006B66A2 /* EntryPoint */ = {
			isa = PBXGroup;
			children = (
				9685E0222996CA9F00CCA1FF /* Coordinator  */,
				962382802991324B006B66A2 /* AppDelegate.swift */,
				962382822991324B006B66A2 /* SceneDelegate.swift */,
			);
			path = EntryPoint;
			sourceTree = "<group>";
		};
		9623829729913317006B66A2 /* Service */ = {
			isa = PBXGroup;
			children = (
				9685E02B2996D73500CCA1FF /* ServiceLocator  */,
				962382AB29915256006B66A2 /* NetworkService  */,
			);
			path = Service;
			sourceTree = "<group>";
		};
		962382A829913490006B66A2 /* Model  */ = {
			isa = PBXGroup;
			children = (
				962382A9299134A6006B66A2 /* ImageResult.swift */,
			);
			path = "Model ";
			sourceTree = "<group>";
		};
		962382AB29915256006B66A2 /* NetworkService  */ = {
			isa = PBXGroup;
			children = (
				962382B529915926006B66A2 /* NetworkManeger  */,
				962382B22991541B006B66A2 /* API */,
				962382AF29915285006B66A2 /* NetworkProtocol */,
				962382AC2991526F006B66A2 /* NetworkEnum  */,
			);
			path = "NetworkService ";
			sourceTree = "<group>";
		};
		962382AC2991526F006B66A2 /* NetworkEnum  */ = {
			isa = PBXGroup;
			children = (
				962382AD2991526F006B66A2 /* NetworkEnum .swift */,
			);
			path = "NetworkEnum ";
			sourceTree = "<group>";
		};
		962382AF29915285006B66A2 /* NetworkProtocol */ = {
			isa = PBXGroup;
			children = (
				962382B02991529E006B66A2 /* NetworkProtocol .swift */,
			);
			path = NetworkProtocol;
			sourceTree = "<group>";
		};
		962382B22991541B006B66A2 /* API */ = {
			isa = PBXGroup;
			children = (
				962382B32991543A006B66A2 /* GoogleImageAPI.swift */,
			);
			path = API;
			sourceTree = "<group>";
		};
		962382B529915926006B66A2 /* NetworkManeger  */ = {
			isa = PBXGroup;
			children = (
				962382B62991593B006B66A2 /* NetworkManager .swift */,
			);
			path = "NetworkManeger ";
			sourceTree = "<group>";
		};
		9685E0062992B42000CCA1FF /* ImageDetail */ = {
			isa = PBXGroup;
			children = (
				9685E0392996E09C00CCA1FF /* View */,
				9685E03A2996E0AD00CCA1FF /* ViewModel  */,
				9685E0362996DCC700CCA1FF /* Configurator  */,
				9685E0332996DACC00CCA1FF /* Coordinator */,
			);
			path = ImageDetail;
			sourceTree = "<group>";
		};
		9685E00F2995329A00CCA1FF /* SourceImage  */ = {
			isa = PBXGroup;
			children = (
				9685E0432996E61D00CCA1FF /* View */,
				9685E0422996E61200CCA1FF /* ViewModel */,
				9685E03D2996E0EF00CCA1FF /* Configurator  */,
				9685E03C2996E0E400CCA1FF /* Coordinator  */,
			);
			path = "SourceImage ";
			sourceTree = "<group>";
		};
		9685E01F2996C99700CCA1FF /* Exetension  */ = {
			isa = PBXGroup;
			children = (
				9685E0202996C9C200CCA1FF /* Storyboarded .swift */,
			);
			path = "Exetension ";
			sourceTree = "<group>";
		};
		9685E0222996CA9F00CCA1FF /* Coordinator  */ = {
			isa = PBXGroup;
			children = (
				9685E0232996CAFE00CCA1FF /* Protocol  */,
				9685E0262996CC1C00CCA1FF /* AppCoordinator .swift */,
			);
			path = "Coordinator ";
			sourceTree = "<group>";
		};
		9685E0232996CAFE00CCA1FF /* Protocol  */ = {
			isa = PBXGroup;
			children = (
				9685E0242996CB1000CCA1FF /* Coordinator .swift */,
			);
			path = "Protocol ";
			sourceTree = "<group>";
		};
		9685E0282996D4E500CCA1FF /* Coordinator  */ = {
			isa = PBXGroup;
			children = (
				9685E0292996D4F900CCA1FF /* SearchImageCoordinator .swift */,
			);
			path = "Coordinator ";
			sourceTree = "<group>";
		};
		9685E02B2996D73500CCA1FF /* ServiceLocator  */ = {
			isa = PBXGroup;
			children = (
				9685E02C2996D73500CCA1FF /* ServiceLocator .swift */,
			);
			path = "ServiceLocator ";
			sourceTree = "<group>";
		};
		9685E02E2996D75700CCA1FF /* Configurator  */ = {
			isa = PBXGroup;
			children = (
				9685E02F2996D76A00CCA1FF /* SearchImageConfigurator .swift */,
			);
			path = "Configurator ";
			sourceTree = "<group>";
		};
		9685E0312996DA7C00CCA1FF /* View */ = {
			isa = PBXGroup;
			children = (
				962382842991324B006B66A2 /* SearchImageViewController.swift */,
				962382B82991A893006B66A2 /* ImageCollectionViewCell .swift */,
			);
			path = View;
			sourceTree = "<group>";
		};
		9685E0322996DA9400CCA1FF /* ViewModel  */ = {
			isa = PBXGroup;
			children = (
				9685E01229955CD100CCA1FF /* SearchImageViewModel .swift */,
				9685E019299565A500CCA1FF /* ImageViewModel .swift */,
			);
			path = "ViewModel ";
			sourceTree = "<group>";
		};
		9685E0332996DACC00CCA1FF /* Coordinator */ = {
			isa = PBXGroup;
			children = (
				9685E0342996DB4C00CCA1FF /* ImageDetailCoordinator .swift */,
			);
			path = Coordinator;
			sourceTree = "<group>";
		};
		9685E0362996DCC700CCA1FF /* Configurator  */ = {
			isa = PBXGroup;
			children = (
				9685E0372996DCE500CCA1FF /* ImageDetailConfigurator .swift */,
			);
			path = "Configurator ";
			sourceTree = "<group>";
		};
		9685E0392996E09C00CCA1FF /* View */ = {
			isa = PBXGroup;
			children = (
				9685E0072992B45800CCA1FF /* ImageDetailViewController .swift */,
				9685E00A299503C100CCA1FF /* ImageDetailCell .swift */,
			);
			path = View;
			sourceTree = "<group>";
		};
		9685E03A2996E0AD00CCA1FF /* ViewModel  */ = {
			isa = PBXGroup;
			children = (
				9685E01B29956AE700CCA1FF /* ImageDetailViewModel .swift */,
				9685E0172995656100CCA1FF /* ImageDetailCellViewModel .swift */,
			);
			path = "ViewModel ";
			sourceTree = "<group>";
		};
		9685E03C2996E0E400CCA1FF /* Coordinator  */ = {
			isa = PBXGroup;
			children = (
				9685E0402996E11800CCA1FF /* SourceImageCoordinator.swift */,
			);
			path = "Coordinator ";
			sourceTree = "<group>";
		};
		9685E03D2996E0EF00CCA1FF /* Configurator  */ = {
			isa = PBXGroup;
			children = (
				9685E03E2996E10900CCA1FF /* SourceImageConfigurator .swift */,
			);
			path = "Configurator ";
			sourceTree = "<group>";
		};
		9685E0422996E61200CCA1FF /* ViewModel */ = {
			isa = PBXGroup;
			children = (
				9685E01D2995941700CCA1FF /* SourceImageViewModel .swift */,
			);
			path = ViewModel;
			sourceTree = "<group>";
		};
		9685E0432996E61D00CCA1FF /* View */ = {
			isa = PBXGroup;
			children = (
				9685E010299532BD00CCA1FF /* SourceImageViewController .swift */,
			);
			path = View;
			sourceTree = "<group>";
		};
/* End PBXGroup section */

/* Begin PBXNativeTarget section */
		9623827C2991324B006B66A2 /* ImageSearchApp */ = {
			isa = PBXNativeTarget;
			buildConfigurationList = 9623829129913252006B66A2 /* Build configuration list for PBXNativeTarget "ImageSearchApp" */;
			buildPhases = (
				962382792991324B006B66A2 /* Sources */,
				9623827A2991324B006B66A2 /* Frameworks */,
				9623827B2991324B006B66A2 /* Resources */,
			);
			buildRules = (
			);
			dependencies = (
			);
			name = ImageSearchApp;
			packageProductDependencies = (
				9685E0152995636400CCA1FF /* SDWebImage */,
			);
			productName = ImageSearchApp;
			productReference = 9623827D2991324B006B66A2 /* ImageSearchApp.app */;
			productType = "com.apple.product-type.application";
		};
/* End PBXNativeTarget section */

/* Begin PBXProject section */
		962382752991324B006B66A2 /* Project object */ = {
			isa = PBXProject;
			attributes = {
				BuildIndependentTargetsInParallel = 1;
				LastSwiftUpdateCheck = 1340;
				LastUpgradeCheck = 1340;
				TargetAttributes = {
					9623827C2991324B006B66A2 = {
						CreatedOnToolsVersion = 13.4;
					};
				};
			};
			buildConfigurationList = 962382782991324B006B66A2 /* Build configuration list for PBXProject "ImageSearchApp" */;
			compatibilityVersion = "Xcode 13.0";
			developmentRegion = en;
			hasScannedForEncodings = 0;
			knownRegions = (
				en,
				Base,
			);
			mainGroup = 962382742991324B006B66A2;
			packageReferences = (
				9685E0142995636400CCA1FF /* XCRemoteSwiftPackageReference "SDWebImage" */,
			);
			productRefGroup = 9623827E2991324B006B66A2 /* Products */;
			projectDirPath = "";
			projectRoot = "";
			targets = (
				9623827C2991324B006B66A2 /* ImageSearchApp */,
			);
		};
/* End PBXProject section */

/* Begin PBXResourcesBuildPhase section */
		9623827B2991324B006B66A2 /* Resources */ = {
			isa = PBXResourcesBuildPhase;
			buildActionMask = 2147483647;
			files = (
				9623828D29913252006B66A2 /* LaunchScreen.storyboard in Resources */,
				9623828A29913252006B66A2 /* Assets.xcassets in Resources */,
				962382882991324B006B66A2 /* Main.storyboard in Resources */,
			);
			runOnlyForDeploymentPostprocessing = 0;
		};
/* End PBXResourcesBuildPhase section */

/* Begin PBXSourcesBuildPhase section */
		962382792991324B006B66A2 /* Sources */ = {
			isa = PBXSourcesBuildPhase;
			buildActionMask = 2147483647;
			files = (
				962382AE2991526F006B66A2 /* NetworkEnum .swift in Sources */,
				962382852991324B006B66A2 /* SearchImageViewController.swift in Sources */,
				962382AA299134A6006B66A2 /* ImageResult.swift in Sources */,
				9685E0382996DCE500CCA1FF /* ImageDetailConfigurator .swift in Sources */,
				962382B42991543A006B66A2 /* GoogleImageAPI.swift in Sources */,
				962382B12991529E006B66A2 /* NetworkProtocol .swift in Sources */,
				9685E02D2996D73500CCA1FF /* ServiceLocator .swift in Sources */,
				9685E02A2996D4F900CCA1FF /* SearchImageCoordinator .swift in Sources */,
				9685E0272996CC1C00CCA1FF /* AppCoordinator .swift in Sources */,
				9685E01329955CD100CCA1FF /* SearchImageViewModel .swift in Sources */,
				9685E00B299503C100CCA1FF /* ImageDetailCell .swift in Sources */,
				962382B72991593B006B66A2 /* NetworkManager .swift in Sources */,
				9685E01C29956AE700CCA1FF /* ImageDetailViewModel .swift in Sources */,
				9685E0182995656100CCA1FF /* ImageDetailCellViewModel .swift in Sources */,
				962382812991324B006B66A2 /* AppDelegate.swift in Sources */,
				9685E011299532BD00CCA1FF /* SourceImageViewController .swift in Sources */,
				9685E0212996C9C200CCA1FF /* Storyboarded .swift in Sources */,
				962382B92991A893006B66A2 /* ImageCollectionViewCell .swift in Sources */,
				9685E0302996D76A00CCA1FF /* SearchImageConfigurator .swift in Sources */,
				9685E0412996E11800CCA1FF /* SourceImageCoordinator.swift in Sources */,
				9685E0352996DB4C00CCA1FF /* ImageDetailCoordinator .swift in Sources */,
				9685E03F2996E10900CCA1FF /* SourceImageConfigurator .swift in Sources */,
				9685E01A299565A500CCA1FF /* ImageViewModel .swift in Sources */,
				9685E0082992B45800CCA1FF /* ImageDetailViewController .swift in Sources */,
				962382832991324B006B66A2 /* SceneDelegate.swift in Sources */,
				9685E0252996CB1000CCA1FF /* Coordinator .swift in Sources */,
				9685E01E2995941700CCA1FF /* SourceImageViewModel .swift in Sources */,
			);
			runOnlyForDeploymentPostprocessing = 0;
		};
/* End PBXSourcesBuildPhase section */

/* Begin PBXVariantGroup section */
		962382862991324B006B66A2 /* Main.storyboard */ = {
			isa = PBXVariantGroup;
			children = (
				962382872991324B006B66A2 /* Base */,
			);
			name = Main.storyboard;
			sourceTree = "<group>";
		};
		9623828B29913252006B66A2 /* LaunchScreen.storyboard */ = {
			isa = PBXVariantGroup;
			children = (
				9623828C29913252006B66A2 /* Base */,
			);
			name = LaunchScreen.storyboard;
			sourceTree = "<group>";
		};
/* End PBXVariantGroup section */

/* Begin XCBuildConfiguration section */
		9623828F29913252006B66A2 /* Debug */ = {
			isa = XCBuildConfiguration;
			buildSettings = {
				ALWAYS_SEARCH_USER_PATHS = NO;
				CLANG_ANALYZER_NONNULL = YES;
				CLANG_ANALYZER_NUMBER_OBJECT_CONVERSION = YES_AGGRESSIVE;
				CLANG_CXX_LANGUAGE_STANDARD = "gnu++17";
				CLANG_ENABLE_MODULES = YES;
				CLANG_ENABLE_OBJC_ARC = YES;
				CLANG_ENABLE_OBJC_WEAK = YES;
				CLANG_WARN_BLOCK_CAPTURE_AUTORELEASING = YES;
				CLANG_WARN_BOOL_CONVERSION = YES;
				CLANG_WARN_COMMA = YES;
				CLANG_WARN_CONSTANT_CONVERSION = YES;
				CLANG_WARN_DEPRECATED_OBJC_IMPLEMENTATIONS = YES;
				CLANG_WARN_DIRECT_OBJC_ISA_USAGE = YES_ERROR;
				CLANG_WARN_DOCUMENTATION_COMMENTS = YES;
				CLANG_WARN_EMPTY_BODY = YES;
				CLANG_WARN_ENUM_CONVERSION = YES;
				CLANG_WARN_INFINITE_RECURSION = YES;
				CLANG_WARN_INT_CONVERSION = YES;
				CLANG_WARN_NON_LITERAL_NULL_CONVERSION = YES;
				CLANG_WARN_OBJC_IMPLICIT_RETAIN_SELF = YES;
				CLANG_WARN_OBJC_LITERAL_CONVERSION = YES;
				CLANG_WARN_OBJC_ROOT_CLASS = YES_ERROR;
				CLANG_WARN_QUOTED_INCLUDE_IN_FRAMEWORK_HEADER = YES;
				CLANG_WARN_RANGE_LOOP_ANALYSIS = YES;
				CLANG_WARN_STRICT_PROTOTYPES = YES;
				CLANG_WARN_SUSPICIOUS_MOVE = YES;
				CLANG_WARN_UNGUARDED_AVAILABILITY = YES_AGGRESSIVE;
				CLANG_WARN_UNREACHABLE_CODE = YES;
				CLANG_WARN__DUPLICATE_METHOD_MATCH = YES;
				COPY_PHASE_STRIP = NO;
				DEBUG_INFORMATION_FORMAT = dwarf;
				ENABLE_STRICT_OBJC_MSGSEND = YES;
				ENABLE_TESTABILITY = YES;
				GCC_C_LANGUAGE_STANDARD = gnu11;
				GCC_DYNAMIC_NO_PIC = NO;
				GCC_NO_COMMON_BLOCKS = YES;
				GCC_OPTIMIZATION_LEVEL = 0;
				GCC_PREPROCESSOR_DEFINITIONS = (
					"DEBUG=1",
					"$(inherited)",
				);
				GCC_WARN_64_TO_32_BIT_CONVERSION = YES;
				GCC_WARN_ABOUT_RETURN_TYPE = YES_ERROR;
				GCC_WARN_UNDECLARED_SELECTOR = YES;
				GCC_WARN_UNINITIALIZED_AUTOS = YES_AGGRESSIVE;
				GCC_WARN_UNUSED_FUNCTION = YES;
				GCC_WARN_UNUSED_VARIABLE = YES;
				IPHONEOS_DEPLOYMENT_TARGET = 15.5;
				MTL_ENABLE_DEBUG_INFO = INCLUDE_SOURCE;
				MTL_FAST_MATH = YES;
				ONLY_ACTIVE_ARCH = YES;
				SDKROOT = iphoneos;
				SWIFT_ACTIVE_COMPILATION_CONDITIONS = DEBUG;
				SWIFT_OPTIMIZATION_LEVEL = "-Onone";
			};
			name = Debug;
		};
		9623829029913252006B66A2 /* Release */ = {
			isa = XCBuildConfiguration;
			buildSettings = {
				ALWAYS_SEARCH_USER_PATHS = NO;
				CLANG_ANALYZER_NONNULL = YES;
				CLANG_ANALYZER_NUMBER_OBJECT_CONVERSION = YES_AGGRESSIVE;
				CLANG_CXX_LANGUAGE_STANDARD = "gnu++17";
				CLANG_ENABLE_MODULES = YES;
				CLANG_ENABLE_OBJC_ARC = YES;
				CLANG_ENABLE_OBJC_WEAK = YES;
				CLANG_WARN_BLOCK_CAPTURE_AUTORELEASING = YES;
				CLANG_WARN_BOOL_CONVERSION = YES;
				CLANG_WARN_COMMA = YES;
				CLANG_WARN_CONSTANT_CONVERSION = YES;
				CLANG_WARN_DEPRECATED_OBJC_IMPLEMENTATIONS = YES;
				CLANG_WARN_DIRECT_OBJC_ISA_USAGE = YES_ERROR;
				CLANG_WARN_DOCUMENTATION_COMMENTS = YES;
				CLANG_WARN_EMPTY_BODY = YES;
				CLANG_WARN_ENUM_CONVERSION = YES;
				CLANG_WARN_INFINITE_RECURSION = YES;
				CLANG_WARN_INT_CONVERSION = YES;
				CLANG_WARN_NON_LITERAL_NULL_CONVERSION = YES;
				CLANG_WARN_OBJC_IMPLICIT_RETAIN_SELF = YES;
				CLANG_WARN_OBJC_LITERAL_CONVERSION = YES;
				CLANG_WARN_OBJC_ROOT_CLASS = YES_ERROR;
				CLANG_WARN_QUOTED_INCLUDE_IN_FRAMEWORK_HEADER = YES;
				CLANG_WARN_RANGE_LOOP_ANALYSIS = YES;
				CLANG_WARN_STRICT_PROTOTYPES = YES;
				CLANG_WARN_SUSPICIOUS_MOVE = YES;
				CLANG_WARN_UNGUARDED_AVAILABILITY = YES_AGGRESSIVE;
				CLANG_WARN_UNREACHABLE_CODE = YES;
				CLANG_WARN__DUPLICATE_METHOD_MATCH = YES;
				COPY_PHASE_STRIP = NO;
				DEBUG_INFORMATION_FORMAT = "dwarf-with-dsym";
				ENABLE_NS_ASSERTIONS = NO;
				ENABLE_STRICT_OBJC_MSGSEND = YES;
				GCC_C_LANGUAGE_STANDARD = gnu11;
				GCC_NO_COMMON_BLOCKS = YES;
				GCC_WARN_64_TO_32_BIT_CONVERSION = YES;
				GCC_WARN_ABOUT_RETURN_TYPE = YES_ERROR;
				GCC_WARN_UNDECLARED_SELECTOR = YES;
				GCC_WARN_UNINITIALIZED_AUTOS = YES_AGGRESSIVE;
				GCC_WARN_UNUSED_FUNCTION = YES;
				GCC_WARN_UNUSED_VARIABLE = YES;
				IPHONEOS_DEPLOYMENT_TARGET = 15.5;
				MTL_ENABLE_DEBUG_INFO = NO;
				MTL_FAST_MATH = YES;
				SDKROOT = iphoneos;
				SWIFT_COMPILATION_MODE = wholemodule;
				SWIFT_OPTIMIZATION_LEVEL = "-O";
				VALIDATE_PRODUCT = YES;
			};
			name = Release;
		};
		9623829229913252006B66A2 /* Debug */ = {
			isa = XCBuildConfiguration;
			buildSettings = {
				ASSETCATALOG_COMPILER_APPICON_NAME = AppIcon;
				ASSETCATALOG_COMPILER_GLOBAL_ACCENT_COLOR_NAME = AccentColor;
				CODE_SIGN_STYLE = Automatic;
				CURRENT_PROJECT_VERSION = 1;
				DEVELOPMENT_TEAM = C6YK7PKT9D;
				GENERATE_INFOPLIST_FILE = YES;
				INFOPLIST_FILE = ImageSearchApp/Info.plist;
				INFOPLIST_KEY_UIApplicationSupportsIndirectInputEvents = YES;
				INFOPLIST_KEY_UILaunchStoryboardName = LaunchScreen;
				INFOPLIST_KEY_UIMainStoryboardFile = Main;
				INFOPLIST_KEY_UISupportedInterfaceOrientations_iPad = "UIInterfaceOrientationPortrait UIInterfaceOrientationPortraitUpsideDown UIInterfaceOrientationLandscapeLeft UIInterfaceOrientationLandscapeRight";
				INFOPLIST_KEY_UISupportedInterfaceOrientations_iPhone = "UIInterfaceOrientationPortrait UIInterfaceOrientationLandscapeLeft UIInterfaceOrientationLandscapeRight";
				LD_RUNPATH_SEARCH_PATHS = (
					"$(inherited)",
					"@executable_path/Frameworks",
				);
				MARKETING_VERSION = 1.0;
				PRODUCT_BUNDLE_IDENTIFIER = "Nikita-Ivashchenkov.ImageSearchApp";
				PRODUCT_NAME = "$(TARGET_NAME)";
				SWIFT_EMIT_LOC_STRINGS = YES;
				SWIFT_VERSION = 5.0;
				TARGETED_DEVICE_FAMILY = "1,2";
			};
			name = Debug;
		};
		9623829329913252006B66A2 /* Release */ = {
			isa = XCBuildConfiguration;
			buildSettings = {
				ASSETCATALOG_COMPILER_APPICON_NAME = AppIcon;
				ASSETCATALOG_COMPILER_GLOBAL_ACCENT_COLOR_NAME = AccentColor;
				CODE_SIGN_STYLE = Automatic;
				CURRENT_PROJECT_VERSION = 1;
				DEVELOPMENT_TEAM = C6YK7PKT9D;
				GENERATE_INFOPLIST_FILE = YES;
				INFOPLIST_FILE = ImageSearchApp/Info.plist;
				INFOPLIST_KEY_UIApplicationSupportsIndirectInputEvents = YES;
				INFOPLIST_KEY_UILaunchStoryboardName = LaunchScreen;
				INFOPLIST_KEY_UIMainStoryboardFile = Main;
				INFOPLIST_KEY_UISupportedInterfaceOrientations_iPad = "UIInterfaceOrientationPortrait UIInterfaceOrientationPortraitUpsideDown UIInterfaceOrientationLandscapeLeft UIInterfaceOrientationLandscapeRight";
				INFOPLIST_KEY_UISupportedInterfaceOrientations_iPhone = "UIInterfaceOrientationPortrait UIInterfaceOrientationLandscapeLeft UIInterfaceOrientationLandscapeRight";
				LD_RUNPATH_SEARCH_PATHS = (
					"$(inherited)",
					"@executable_path/Frameworks",
				);
				MARKETING_VERSION = 1.0;
				PRODUCT_BUNDLE_IDENTIFIER = "Nikita-Ivashchenkov.ImageSearchApp";
				PRODUCT_NAME = "$(TARGET_NAME)";
				SWIFT_EMIT_LOC_STRINGS = YES;
				SWIFT_VERSION = 5.0;
				TARGETED_DEVICE_FAMILY = "1,2";
			};
			name = Release;
		};
/* End XCBuildConfiguration section */

/* Begin XCConfigurationList section */
		962382782991324B006B66A2 /* Build configuration list for PBXProject "ImageSearchApp" */ = {
			isa = XCConfigurationList;
			buildConfigurations = (
				9623828F29913252006B66A2 /* Debug */,
				9623829029913252006B66A2 /* Release */,
			);
			defaultConfigurationIsVisible = 0;
			defaultConfigurationName = Release;
		};
		9623829129913252006B66A2 /* Build configuration list for PBXNativeTarget "ImageSearchApp" */ = {
			isa = XCConfigurationList;
			buildConfigurations = (
				9623829229913252006B66A2 /* Debug */,
				9623829329913252006B66A2 /* Release */,
			);
			defaultConfigurationIsVisible = 0;
			defaultConfigurationName = Release;
		};
/* End XCConfigurationList section */

/* Begin XCRemoteSwiftPackageReference section */
		9685E0142995636400CCA1FF /* XCRemoteSwiftPackageReference "SDWebImage" */ = {
			isa = XCRemoteSwiftPackageReference;
			repositoryURL = "https://github.com/SDWebImage/SDWebImage";
			requirement = {
				branch = master;
				kind = branch;
			};
		};
/* End XCRemoteSwiftPackageReference section */

/* Begin XCSwiftPackageProductDependency section */
		9685E0152995636400CCA1FF /* SDWebImage */ = {
			isa = XCSwiftPackageProductDependency;
			package = 9685E0142995636400CCA1FF /* XCRemoteSwiftPackageReference "SDWebImage" */;
			productName = SDWebImage;
		};
/* End XCSwiftPackageProductDependency section */
	};
	rootObject = 962382752991324B006B66A2 /* Project object */;
}
